
Microsoft Visual Studio Solution File, Format Version 12.00
# Visual Studio Version 17
VisualStudioVersion = 17.0.31903.59
MinimumVisualStudioVersion = 10.0.40219.1
Project("{2150E333-8FDC-42A3-9474-1A3956D46DE8}") = "src", "src", "{827E0CD3-B72D-47B6-A68D-7590B98EB39B}"
EndProject
Project("{FAE04EC0-301F-11D3-BF4B-00C04F79EFBC}") = "Atlas_Domain", "src\Atlas_Domain\Atlas_Domain.csproj", "{4C55CB52-9690-4248-9997-E75181EB113E}"
EndProject
Project("{FAE04EC0-301F-11D3-BF4B-00C04F79EFBC}") = "Atlas_Shared", "src\Atlas_Shared\Atlas_Shared.csproj", "{960B726A-C8D5-479D-93A1-647F2ED409C0}"
EndProject
Project("{FAE04EC0-301F-11D3-BF4B-00C04F79EFBC}") = "Atlas_Market_Data", "src\Atlas_Market_Data\Atlas_Market_Data.csproj", "{699F6043-8BBD-4218-86F8-05EB25E719AD}"
EndProject
Project("{FAE04EC0-301F-11D3-BF4B-00C04F79EFBC}") = "Atlas_Strategy", "src\Atlas_Strategy\Atlas_Strategy.csproj", "{C1516283-2AA4-4CE1-97FF-21913E368D82}"
EndProject
Project("{FAE04EC0-301F-11D3-BF4B-00C04F79EFBC}") = "Atlas_Risk", "src\Atlas_Risk\Atlas_Risk.csproj", "{48FE968D-EC8E-447E-8EB1-24C03A14ABD3}"
EndProject
Project("{FAE04EC0-301F-11D3-BF4B-00C04F79EFBC}") = "Atlas_Execution", "src\Atlas_Execution\Atlas_Execution.csproj", "{1961C505-C6BD-4A59-B0B6-7794BD799F24}"
EndProject
Project("{FAE04EC0-301F-11D3-BF4B-00C04F79EFBC}") = "Atlas_Application", "src\Atlas_Application\Atlas_Application.csproj", "{41690499-8C9B-4F10-8D40-AA7A77D76C28}"
EndProject
Project("{FAE04EC0-301F-11D3-BF4B-00C04F79EFBC}") = "Atlas_Data_Access", "src\Atlas_Data_Access\Atlas_Data_Access.csproj", "{0CEE0902-E780-4204-9F5B-1E654FE612CA}"
EndProject
Project("{FAE04EC0-301F-11D3-BF4B-00C04F79EFBC}") = "Atlas_WinForms", "src\Atlas_WinForms\Atlas_WinForms.csproj", "{C2F825B4-57E6-4F19-B080-EFA9C2B94A55}"
EndProject
Global
	GlobalSection(SolutionConfigurationPlatforms) = preSolution
		Debug|Any CPU = Debug|Any CPU
		Debug|x64 = Debug|x64
		Debug|x86 = Debug|x86
		Release|Any CPU = Release|Any CPU
		Release|x64 = Release|x64
		Release|x86 = Release|x86
	EndGlobalSection
	GlobalSection(ProjectConfigurationPlatforms) = postSolution
		{4C55CB52-9690-4248-9997-E75181EB113E}.Debug|Any CPU.ActiveCfg = Debug|Any CPU
		{4C55CB52-9690-4248-9997-E75181EB113E}.Debug|Any CPU.Build.0 = Debug|Any CPU
		{4C55CB52-9690-4248-9997-E75181EB113E}.Debug|x64.ActiveCfg = Debug|Any CPU
		{4C55CB52-9690-4248-9997-E75181EB113E}.Debug|x64.Build.0 = Debug|Any CPU
		{4C55CB52-9690-4248-9997-E75181EB113E}.Debug|x86.ActiveCfg = Debug|Any CPU
		{4C55CB52-9690-4248-9997-E75181EB113E}.Debug|x86.Build.0 = Debug|Any CPU
		{4C55CB52-9690-4248-9997-E75181EB113E}.Release|Any CPU.ActiveCfg = Release|Any CPU
		{4C55CB52-9690-4248-9997-E75181EB113E}.Release|Any CPU.Build.0 = Release|Any CPU
		{4C55CB52-9690-4248-9997-E75181EB113E}.Release|x64.ActiveCfg = Release|Any CPU
		{4C55CB52-9690-4248-9997-E75181EB113E}.Release|x64.Build.0 = Release|Any CPU
		{4C55CB52-9690-4248-9997-E75181EB113E}.Release|x86.ActiveCfg = Release|Any CPU
		{4C55CB52-9690-4248-9997-E75181EB113E}.Release|x86.Build.0 = Release|Any CPU
		{960B726A-C8D5-479D-93A1-647F2ED409C0}.Debug|Any CPU.ActiveCfg = Debug|Any CPU
		{960B726A-C8D5-479D-93A1-647F2ED409C0}.Debug|Any CPU.Build.0 = Debug|Any CPU
		{960B726A-C8D5-479D-93A1-647F2ED409C0}.Debug|x64.ActiveCfg = Debug|Any CPU
		{960B726A-C8D5-479D-93A1-647F2ED409C0}.Debug|x64.Build.0 = Debug|Any CPU
		{960B726A-C8D5-479D-93A1-647F2ED409C0}.Debug|x86.ActiveCfg = Debug|Any CPU
		{960B726A-C8D5-479D-93A1-647F2ED409C0}.Debug|x86.Build.0 = Debug|Any CPU
		{960B726A-C8D5-479D-93A1-647F2ED409C0}.Release|Any CPU.ActiveCfg = Release|Any CPU
		{960B726A-C8D5-479D-93A1-647F2ED409C0}.Release|Any CPU.Build.0 = Release|Any CPU
		{960B726A-C8D5-479D-93A1-647F2ED409C0}.Release|x64.ActiveCfg = Release|Any CPU
		{960B726A-C8D5-479D-93A1-647F2ED409C0}.Release|x64.Build.0 = Release|Any CPU
		{960B726A-C8D5-479D-93A1-647F2ED409C0}.Release|x86.ActiveCfg = Release|Any CPU
		{960B726A-C8D5-479D-93A1-647F2ED409C0}.Release|x86.Build.0 = Release|Any CPU
		{699F6043-8BBD-4218-86F8-05EB25E719AD}.Debug|Any CPU.ActiveCfg = Debug|Any CPU
		{699F6043-8BBD-4218-86F8-05EB25E719AD}.Debug|Any CPU.Build.0 = Debug|Any CPU
		{699F6043-8BBD-4218-86F8-05EB25E719AD}.Debug|x64.ActiveCfg = Debug|Any CPU
		{699F6043-8BBD-4218-86F8-05EB25E719AD}.Debug|x64.Build.0 = Debug|Any CPU
		{699F6043-8BBD-4218-86F8-05EB25E719AD}.Debug|x86.ActiveCfg = Debug|Any CPU
		{699F6043-8BBD-4218-86F8-05EB25E719AD}.Debug|x86.Build.0 = Debug|Any CPU
		{699F6043-8BBD-4218-86F8-05EB25E719AD}.Release|Any CPU.ActiveCfg = Release|Any CPU
		{699F6043-8BBD-4218-86F8-05EB25E719AD}.Release|Any CPU.Build.0 = Release|Any CPU
		{699F6043-8BBD-4218-86F8-05EB25E719AD}.Release|x64.ActiveCfg = Release|Any CPU
		{699F6043-8BBD-4218-86F8-05EB25E719AD}.Release|x64.Build.0 = Release|Any CPU
		{699F6043-8BBD-4218-86F8-05EB25E719AD}.Release|x86.ActiveCfg = Release|Any CPU
		{699F6043-8BBD-4218-86F8-05EB25E719AD}.Release|x86.Build.0 = Release|Any CPU
		{C1516283-2AA4-4CE1-97FF-21913E368D82}.Debug|Any CPU.ActiveCfg = Debug|Any CPU
		{C1516283-2AA4-4CE1-97FF-21913E368D82}.Debug|Any CPU.Build.0 = Debug|Any CPU
		{C1516283-2AA4-4CE1-97FF-21913E368D82}.Debug|x64.ActiveCfg = Debug|Any CPU
		{C1516283-2AA4-4CE1-97FF-21913E368D82}.Debug|x64.Build.0 = Debug|Any CPU
		{C1516283-2AA4-4CE1-97FF-21913E368D82}.Debug|x86.ActiveCfg = Debug|Any CPU
		{C1516283-2AA4-4CE1-97FF-21913E368D82}.Debug|x86.Build.0 = Debug|Any CPU
		{C1516283-2AA4-4CE1-97FF-21913E368D82}.Release|Any CPU.ActiveCfg = Release|Any CPU
		{C1516283-2AA4-4CE1-97FF-21913E368D82}.Release|Any CPU.Build.0 = Release|Any CPU
		{C1516283-2AA4-4CE1-97FF-21913E368D82}.Release|x64.ActiveCfg = Release|Any CPU
		{C1516283-2AA4-4CE1-97FF-21913E368D82}.Release|x64.Build.0 = Release|Any CPU
		{C1516283-2AA4-4CE1-97FF-21913E368D82}.Release|x86.ActiveCfg = Release|Any CPU
		{C1516283-2AA4-4CE1-97FF-21913E368D82}.Release|x86.Build.0 = Release|Any CPU
		{48FE968D-EC8E-447E-8EB1-24C03A14ABD3}.Debug|Any CPU.ActiveCfg = Debug|Any CPU
		{48FE968D-EC8E-447E-8EB1-24C03A14ABD3}.Debug|Any CPU.Build.0 = Debug|Any CPU
		{48FE968D-EC8E-447E-8EB1-24C03A14ABD3}.Debug|x64.ActiveCfg = Debug|Any CPU
		{48FE968D-EC8E-447E-8EB1-24C03A14ABD3}.Debug|x64.Build.0 = Debug|Any CPU
		{48FE968D-EC8E-447E-8EB1-24C03A14ABD3}.Debug|x86.ActiveCfg = Debug|Any CPU
		{48FE968D-EC8E-447E-8EB1-24C03A14ABD3}.Debug|x86.Build.0 = Debug|Any CPU
		{48FE968D-EC8E-447E-8EB1-24C03A14ABD3}.Release|Any CPU.ActiveCfg = Release|Any CPU
		{48FE968D-EC8E-447E-8EB1-24C03A14ABD3}.Release|Any CPU.Build.0 = Release|Any CPU
		{48FE968D-EC8E-447E-8EB1-24C03A14ABD3}.Release|x64.ActiveCfg = Release|Any CPU
		{48FE968D-EC8E-447E-8EB1-24C03A14ABD3}.Release|x64.Build.0 = Release|Any CPU
		{48FE968D-EC8E-447E-8EB1-24C03A14ABD3}.Release|x86.ActiveCfg = Release|Any CPU
		{48FE968D-EC8E-447E-8EB1-24C03A14ABD3}.Release|x86.Build.0 = Release|Any CPU
		{1961C505-C6BD-4A59-B0B6-7794BD799F24}.Debug|Any CPU.ActiveCfg = Debug|Any CPU
		{1961C505-C6BD-4A59-B0B6-7794BD799F24}.Debug|Any CPU.Build.0 = Debug|Any CPU
		{1961C505-C6BD-4A59-B0B6-7794BD799F24}.Debug|x64.ActiveCfg = Debug|Any CPU
		{1961C505-C6BD-4A59-B0B6-7794BD799F24}.Debug|x64.Build.0 = Debug|Any CPU
		{1961C505-C6BD-4A59-B0B6-7794BD799F24}.Debug|x86.ActiveCfg = Debug|Any CPU
		{1961C505-C6BD-4A59-B0B6-7794BD799F24}.Debug|x86.Build.0 = Debug|Any CPU
		{1961C505-C6BD-4A59-B0B6-7794BD799F24}.Release|Any CPU.ActiveCfg = Release|Any CPU
		{1961C505-C6BD-4A59-B0B6-7794BD799F24}.Release|Any CPU.Build.0 = Release|Any CPU
		{1961C505-C6BD-4A59-B0B6-7794BD799F24}.Release|x64.ActiveCfg = Release|Any CPU
		{1961C505-C6BD-4A59-B0B6-7794BD799F24}.Release|x64.Build.0 = Release|Any CPU
		{1961C505-C6BD-4A59-B0B6-7794BD799F24}.Release|x86.ActiveCfg = Release|Any CPU
		{1961C505-C6BD-4A59-B0B6-7794BD799F24}.Release|x86.Build.0 = Release|Any CPU
		{41690499-8C9B-4F10-8D40-AA7A77D76C28}.Debug|Any CPU.ActiveCfg = Debug|Any CPU
		{41690499-8C9B-4F10-8D40-AA7A77D76C28}.Debug|Any CPU.Build.0 = Debug|Any CPU
		{41690499-8C9B-4F10-8D40-AA7A77D76C28}.Debug|x64.ActiveCfg = Debug|Any CPU
		{41690499-8C9B-4F10-8D40-AA7A77D76C28}.Debug|x64.Build.0 = Debug|Any CPU
		{41690499-8C9B-4F10-8D40-AA7A77D76C28}.Debug|x86.ActiveCfg = Debug|Any CPU
		{41690499-8C9B-4F10-8D40-AA7A77D76C28}.Debug|x86.Build.0 = Debug|Any CPU
		{41690499-8C9B-4F10-8D40-AA7A77D76C28}.Release|Any CPU.ActiveCfg = Release|Any CPU
		{41690499-8C9B-4F10-8D40-AA7A77D76C28}.Release|Any CPU.Build.0 = Release|Any CPU
		{41690499-8C9B-4F10-8D40-AA7A77D76C28}.Release|x64.ActiveCfg = Release|Any CPU
		{41690499-8C9B-4F10-8D40-AA7A77D76C28}.Release|x64.Build.0 = Release|Any CPU
		{41690499-8C9B-4F10-8D40-AA7A77D76C28}.Release|x86.ActiveCfg = Release|Any CPU
		{41690499-8C9B-4F10-8D40-AA7A77D76C28}.Release|x86.Build.0 = Release|Any CPU
		{0CEE0902-E780-4204-9F5B-1E654FE612CA}.Debug|Any CPU.ActiveCfg = Debug|Any CPU
		{0CEE0902-E780-4204-9F5B-1E654FE612CA}.Debug|Any CPU.Build.0 = Debug|Any CPU
		{0CEE0902-E780-4204-9F5B-1E654FE612CA}.Debug|x64.ActiveCfg = Debug|Any CPU
		{0CEE0902-E780-4204-9F5B-1E654FE612CA}.Debug|x64.Build.0 = Debug|Any CPU
		{0CEE0902-E780-4204-9F5B-1E654FE612CA}.Debug|x86.ActiveCfg = Debug|Any CPU
		{0CEE0902-E780-4204-9F5B-1E654FE612CA}.Debug|x86.Build.0 = Debug|Any CPU
		{0CEE0902-E780-4204-9F5B-1E654FE612CA}.Release|Any CPU.ActiveCfg = Release|Any CPU
		{0CEE0902-E780-4204-9F5B-1E654FE612CA}.Release|Any CPU.Build.0 = Release|Any CPU
		{0CEE0902-E780-4204-9F5B-1E654FE612CA}.Release|x64.ActiveCfg = Release|Any CPU
		{0CEE0902-E780-4204-9F5B-1E654FE612CA}.Release|x64.Build.0 = Release|Any CPU
		{0CEE0902-E780-4204-9F5B-1E654FE612CA}.Release|x86.ActiveCfg = Release|Any CPU
		{0CEE0902-E780-4204-9F5B-1E654FE612CA}.Release|x86.Build.0 = Release|Any CPU
		{C2F825B4-57E6-4F19-B080-EFA9C2B94A55}.Debug|Any CPU.ActiveCfg = Debug|Any CPU
		{C2F825B4-57E6-4F19-B080-EFA9C2B94A55}.Debug|Any CPU.Build.0 = Debug|Any CPU
		{C2F825B4-57E6-4F19-B080-EFA9C2B94A55}.Debug|x64.ActiveCfg = Debug|Any CPU
		{C2F825B4-57E6-4F19-B080-EFA9C2B94A55}.Debug|x64.Build.0 = Debug|Any CPU
		{C2F825B4-57E6-4F19-B080-EFA9C2B94A55}.Debug|x86.ActiveCfg = Debug|Any CPU
		{C2F825B4-57E6-4F19-B080-EFA9C2B94A55}.Debug|x86.Build.0 = Debug|Any CPU
		{C2F825B4-57E6-4F19-B080-EFA9C2B94A55}.Release|Any CPU.ActiveCfg = Release|Any CPU
		{C2F825B4-57E6-4F19-B080-EFA9C2B94A55}.Release|Any CPU.Build.0 = Release|Any CPU
		{C2F825B4-57E6-4F19-B080-EFA9C2B94A55}.Release|x64.ActiveCfg = Release|Any CPU
		{C2F825B4-57E6-4F19-B080-EFA9C2B94A55}.Release|x64.Build.0 = Release|Any CPU
		{C2F825B4-57E6-4F19-B080-EFA9C2B94A55}.Release|x86.ActiveCfg = Release|Any CPU
		{C2F825B4-57E6-4F19-B080-EFA9C2B94A55}.Release|x86.Build.0 = Release|Any CPU
	EndGlobalSection
	GlobalSection(SolutionProperties) = preSolution
		HideSolutionNode = FALSE
	EndGlobalSection
	GlobalSection(NestedProjects) = preSolution
		{4C55CB52-9690-4248-9997-E75181EB113E} = {827E0CD3-B72D-47B6-A68D-7590B98EB39B}
		{960B726A-C8D5-479D-93A1-647F2ED409C0} = {827E0CD3-B72D-47B6-A68D-7590B98EB39B}
		{699F6043-8BBD-4218-86F8-05EB25E719AD} = {827E0CD3-B72D-47B6-A68D-7590B98EB39B}
		{C1516283-2AA4-4CE1-97FF-21913E368D82} = {827E0CD3-B72D-47B6-A68D-7590B98EB39B}
		{48FE968D-EC8E-447E-8EB1-24C03A14ABD3} = {827E0CD3-B72D-47B6-A68D-7590B98EB39B}
		{1961C505-C6BD-4A59-B0B6-7794BD799F24} = {827E0CD3-B72D-47B6-A68D-7590B98EB39B}
		{41690499-8C9B-4F10-8D40-AA7A77D76C28} = {827E0CD3-B72D-47B6-A68D-7590B98EB39B}
		{0CEE0902-E780-4204-9F5B-1E654FE612CA} = {827E0CD3-B72D-47B6-A68D-7590B98EB39B}
		{C2F825B4-57E6-4F19-B080-EFA9C2B94A55} = {827E0CD3-B72D-47B6-A68D-7590B98EB39B}
	EndGlobalSection
EndGlobal
